<?xml version="1.0" encoding="utf-8"?>
<Project ToolsVersion="4.0" xmlns="http://schemas.microsoft.com/developer/msbuild/2003">
  <ItemGroup>
    <Filter Include="Source Files">
      <UniqueIdentifier>{4FC737F1-C7A5-4376-A066-2A32D752A2FF}</UniqueIdentifier>
      <Extensions>cpp;c;cc;cxx;def;odl;idl;hpj;bat;asm;asmx</Extensions>
    </Filter>
    <Filter Include="Header Files">
      <UniqueIdentifier>{93995380-89BD-4b04-88EB-625FBE52EBFB}</UniqueIdentifier>
      <Extensions>h;hpp;hxx;hm;inl;inc;xsd</Extensions>
    </Filter>
    <Filter Include="Resource Files">
      <UniqueIdentifier>{67DA6AB6-F800-4c08-8B7A-83BB121AAD01}</UniqueIdentifier>
      <Extensions>rc;ico;cur;bmp;dlg;rc2;rct;bin;rgs;gif;jpg;jpeg;jpe;resx;tiff;tif;png;wav;mfcribbon-ms</Extensions>
    </Filter>
  </ItemGroup>
  <ItemGroup>
    <None Include="ShaderCode\VertexTextureShader.glsl" />
    <None Include="ShaderCode\FragTextureShader.glsl" />
    <None Include="ShaderCode\FragPassThroughShader.glsl" />
    <None Include="ShaderCode\VertexPassThroughShader.glsl" />
    <None Include="ShaderCode\FragAmbientShader.glsl" />
    <None Include="ShaderCode\VertexAmbientShader.glsl" />
    <None Include="ShaderCode\FragDebugShapesShader.glsl" />
    <None Include="ShaderCode\VertexDebugShapesShader.glsl" />
    <None Include="ShaderCode\VertexNormalMapShader.glsl" />
    <None Include="ShaderCode\FragNormalMapShader.glsl" />
    <None Include="ShaderCode\FragRoadShader.glsl" />
    <None Include="ShaderCode\VertexRoadShader.glsl" />
    <None Include="ShaderCode\VertexCursorShader.glsl" />
    <None Include="ShaderCode\FragCursorShader.glsl" />
    <None Include="ShaderCode\FragObstructedShader.glsl" />
    <None Include="ShaderCode\VertexObstructedShader.glsl" />
    <None Include="ShaderCode\VertexNodeShader.glsl" />
    <None Include="ShaderCode\FragNodeShader.glsl" />
    <None Include="ShaderCode\VertexLinkShader.glsl" />
    <None Include="ShaderCode\FragLinkShader.glsl" />
    <None Include="ShaderCode\VertexTargetShader.glsl" />
    <None Include="ShaderCode\FragTargetShader.glsl" />
  </ItemGroup>
  <ItemGroup>
    <ClCompile Include="Mainer.cpp">
      <Filter>Source Files</Filter>
    </ClCompile>
    <ClCompile Include="IO\FileIO.cpp">
      <Filter>Source Files</Filter>
    </ClCompile>
    <ClCompile Include="MeGame.cpp">
      <Filter>Source Files</Filter>
    </ClCompile>
    <ClCompile Include="MeGame_moc.cpp">
      <Filter>Source Files</Filter>
    </ClCompile>
    <ClCompile Include="Node.cpp">
      <Filter>Source Files</Filter>
    </ClCompile>
    <ClCompile Include="AStar.cpp">
      <Filter>Source Files</Filter>
    </ClCompile>
  </ItemGroup>
  <ItemGroup>
    <ClInclude Include="IO\FileIO.h">
      <Filter>Header Files</Filter>
    </ClInclude>
    <ClInclude Include="MeGame.h">
      <Filter>Header Files</Filter>
    </ClInclude>
    <ClInclude Include="Node.h">
      <Filter>Header Files</Filter>
    </ClInclude>
    <ClInclude Include="NodeSystem.h">
      <Filter>Header Files</Filter>
    </ClInclude>
    <ClInclude Include="AStar.h">
      <Filter>Header Files</Filter>
    </ClInclude>
    <ClInclude Include="AStarNode.h">
      <Filter>Header Files</Filter>
    </ClInclude>
    <ClInclude Include="Character.h">
      <Filter>Header Files</Filter>
    </ClInclude>
  </ItemGroup>
  <ItemGroup>
    <Text Include="Config.txt" />
  </ItemGroup>
</Project>